// !$*UTF8*$!
{
	archiveVersion = 1;
	classes = {
	};
	objectVersion = 50;
	objects = {

/* Begin PBXBuildFile section */
		EAC83F472470F0770016E24F /* AppDelegate.swift in Sources */ = {isa = PBXBuildFile; fileRef = EAC83F462470F0770016E24F /* AppDelegate.swift */; };
		EAC83F492470F0770016E24F /* SceneDelegate.swift in Sources */ = {isa = PBXBuildFile; fileRef = EAC83F482470F0770016E24F /* SceneDelegate.swift */; };
		EAC83F4C2470F0770016E24F /* CoreDataProject.xcdatamodeld in Sources */ = {isa = PBXBuildFile; fileRef = EAC83F4A2470F0770016E24F /* CoreDataProject.xcdatamodeld */; };
		EAC83F4E2470F0770016E24F /* ContentView.swift in Sources */ = {isa = PBXBuildFile; fileRef = EAC83F4D2470F0770016E24F /* ContentView.swift */; };
		EAC83F502470F0780016E24F /* Assets.xcassets in Resources */ = {isa = PBXBuildFile; fileRef = EAC83F4F2470F0780016E24F /* Assets.xcassets */; };
		EAC83F532470F0780016E24F /* Preview Assets.xcassets in Resources */ = {isa = PBXBuildFile; fileRef = EAC83F522470F0780016E24F /* Preview Assets.xcassets */; };
		EAC83F562470F0780016E24F /* LaunchScreen.storyboard in Resources */ = {isa = PBXBuildFile; fileRef = EAC83F542470F0780016E24F /* LaunchScreen.storyboard */; };
		EAC83F65247110A20016E24F /* Candy+CoreDataClass.swift in Sources */ = {isa = PBXBuildFile; fileRef = EAC83F61247110A20016E24F /* Candy+CoreDataClass.swift */; };
		EAC83F66247110A20016E24F /* Candy+CoreDataProperties.swift in Sources */ = {isa = PBXBuildFile; fileRef = EAC83F62247110A20016E24F /* Candy+CoreDataProperties.swift */; };
		EAC83F67247110A20016E24F /* Country+CoreDataClass.swift in Sources */ = {isa = PBXBuildFile; fileRef = EAC83F63247110A20016E24F /* Country+CoreDataClass.swift */; };
		EAC83F68247110A20016E24F /* Country+CoreDataProperties.swift in Sources */ = {isa = PBXBuildFile; fileRef = EAC83F64247110A20016E24F /* Country+CoreDataProperties.swift */; };
/* End PBXBuildFile section */

/* Begin PBXFileReference section */
		EAC83F432470F0770016E24F /* CoreDataProject.app */ = {isa = PBXFileReference; explicitFileType = wrapper.application; includeInIndex = 0; path = CoreDataProject.app; sourceTree = BUILT_PRODUCTS_DIR; };
		EAC83F462470F0770016E24F /* AppDelegate.swift */ = {isa = PBXFileReference; lastKnownFileType = sourcecode.swift; path = AppDelegate.swift; sourceTree = "<group>"; };
		EAC83F482470F0770016E24F /* SceneDelegate.swift */ = {isa = PBXFileReference; lastKnownFileType = sourcecode.swift; path = SceneDelegate.swift; sourceTree = "<group>"; };
		EAC83F4B2470F0770016E24F /* CoreDataProject.xcdatamodel */ = {isa = PBXFileReference; lastKnownFileType = wrapper.xcdatamodel; path = CoreDataProject.xcdatamodel; sourceTree = "<group>"; };
		EAC83F4D2470F0770016E24F /* ContentView.swift */ = {isa = PBXFileReference; lastKnownFileType = sourcecode.swift; path = ContentView.swift; sourceTree = "<group>"; };
		EAC83F4F2470F0780016E24F /* Assets.xcassets */ = {isa = PBXFileReference; lastKnownFileType = folder.assetcatalog; path = Assets.xcassets; sourceTree = "<group>"; };
		EAC83F522470F0780016E24F /* Preview Assets.xcassets */ = {isa = PBXFileReference; lastKnownFileType = folder.assetcatalog; path = "Preview Assets.xcassets"; sourceTree = "<group>"; };
		EAC83F552470F0780016E24F /* Base */ = {isa = PBXFileReference; lastKnownFileType = file.storyboard; name = Base; path = Base.lproj/LaunchScreen.storyboard; sourceTree = "<group>"; };
		EAC83F572470F0780016E24F /* Info.plist */ = {isa = PBXFileReference; lastKnownFileType = text.plist.xml; path = Info.plist; sourceTree = "<group>"; };
		EAC83F61247110A20016E24F /* Candy+CoreDataClass.swift */ = {isa = PBXFileReference; lastKnownFileType = sourcecode.swift; path = "Candy+CoreDataClass.swift"; sourceTree = "<group>"; };
		EAC83F62247110A20016E24F /* Candy+CoreDataProperties.swift */ = {isa = PBXFileReference; lastKnownFileType = sourcecode.swift; path = "Candy+CoreDataProperties.swift"; sourceTree = "<group>"; };
		EAC83F63247110A20016E24F /* Country+CoreDataClass.swift */ = {isa = PBXFileReference; lastKnownFileType = sourcecode.swift; path = "Country+CoreDataClass.swift"; sourceTree = "<group>"; };
		EAC83F64247110A20016E24F /* Country+CoreDataProperties.swift */ = {isa = PBXFileReference; lastKnownFileType = sourcecode.swift; path = "Country+CoreDataProperties.swift"; sourceTree = "<group>"; };
/* End PBXFileReference section */

/* Begin PBXFrameworksBuildPhase section */
		EAC83F402470F0770016E24F /* Frameworks */ = {
			isa = PBXFrameworksBuildPhase;
			buildActionMask = 2147483647;
			files = (
			);
			runOnlyForDeploymentPostprocessing = 0;
		};
/* End PBXFrameworksBuildPhase section */

/* Begin PBXGroup section */
		EAC83F3A2470F0770016E24F = {
			isa = PBXGroup;
			children = (
				EAC83F452470F0770016E24F /* CoreDataProject */,
				EAC83F442470F0770016E24F /* Products */,
			);
			sourceTree = "<group>";
		};
		EAC83F442470F0770016E24F /* Products */ = {
			isa = PBXGroup;
			children = (
				EAC83F432470F0770016E24F /* CoreDataProject.app */,
			);
			name = Products;
			sourceTree = "<group>";
		};
		EAC83F452470F0770016E24F /* CoreDataProject */ = {
			isa = PBXGroup;
			children = (
				EAC83F61247110A20016E24F /* Candy+CoreDataClass.swift */,
				EAC83F62247110A20016E24F /* Candy+CoreDataProperties.swift */,
				EAC83F63247110A20016E24F /* Country+CoreDataClass.swift */,
				EAC83F64247110A20016E24F /* Country+CoreDataProperties.swift */,
				EAC83F462470F0770016E24F /* AppDelegate.swift */,
				EAC83F482470F0770016E24F /* SceneDelegate.swift */,
				EAC83F4D2470F0770016E24F /* ContentView.swift */,
				EAC83F4F2470F0780016E24F /* Assets.xcassets */,
				EAC83F542470F0780016E24F /* LaunchScreen.storyboard */,
				EAC83F572470F0780016E24F /* Info.plist */,
				EAC83F4A2470F0770016E24F /* CoreDataProject.xcdatamodeld */,
				EAC83F512470F0780016E24F /* Preview Content */,
			);
			path = CoreDataProject;
			sourceTree = "<group>";
		};
		EAC83F512470F0780016E24F /* Preview Content */ = {
			isa = PBXGroup;
			children = (
				EAC83F522470F0780016E24F /* Preview Assets.xcassets */,
			);
			path = "Preview Content";
			sourceTree = "<group>";
		};
/* End PBXGroup section */

/* Begin PBXNativeTarget section */
		EAC83F422470F0770016E24F /* CoreDataProject */ = {
			isa = PBXNativeTarget;
			buildConfigurationList = EAC83F5A2470F0780016E24F /* Build configuration list for PBXNativeTarget "CoreDataProject" */;
			buildPhases = (
				EAC83F3F2470F0770016E24F /* Sources */,
				EAC83F402470F0770016E24F /* Frameworks */,
				EAC83F412470F0770016E24F /* Resources */,
			);
			buildRules = (
			);
			dependencies = (
			);
			name = CoreDataProject;
			productName = CoreDataProject;
			productReference = EAC83F432470F0770016E24F /* CoreDataProject.app */;
			productType = "com.apple.product-type.application";
		};
/* End PBXNativeTarget section */

/* Begin PBXProject section */
		EAC83F3B2470F0770016E24F /* Project object */ = {
			isa = PBXProject;
			attributes = {
				LastSwiftUpdateCheck = 1140;
				LastUpgradeCheck = 1140;
				ORGANIZATIONNAME = "Mac Van Anh";
				TargetAttributes = {
					EAC83F422470F0770016E24F = {
						CreatedOnToolsVersion = 11.4.1;
					};
				};
			};
			buildConfigurationList = EAC83F3E2470F0770016E24F /* Build configuration list for PBXProject "CoreDataProject" */;
			compatibilityVersion = "Xcode 9.3";
			developmentRegion = en;
			hasScannedForEncodings = 0;
			knownRegions = (
				en,
				Base,
			);
			mainGroup = EAC83F3A2470F0770016E24F;
			productRefGroup = EAC83F442470F0770016E24F /* Products */;
			projectDirPath = "";
			projectRoot = "";
			targets = (
				EAC83F422470F0770016E24F /* CoreDataProject */,
			);
		};
/* End PBXProject section */

/* Begin PBXResourcesBuildPhase section */
		EAC83F412470F0770016E24F /* Resources */ = {
			isa = PBXResourcesBuildPhase;
			buildActionMask = 2147483647;
			files = (
				EAC83F562470F0780016E24F /* LaunchScreen.storyboard in Resources */,
				EAC83F532470F0780016E24F /* Preview Assets.xcassets in Resources */,
				EAC83F502470F0780016E24F /* Assets.xcassets in Resources */,
			);
			runOnlyForDeploymentPostprocessing = 0;
		};
/* End PBXResourcesBuildPhase section */

/* Begin PBXSourcesBuildPhase section */
		EAC83F3F2470F0770016E24F /* Sources */ = {
			isa = PBXSourcesBuildPhase;
			buildActionMask = 2147483647;
			files = (
				EAC83F472470F0770016E24F /* AppDelegate.swift in Sources */,
				EAC83F65247110A20016E24F /* Candy+CoreDataClass.swift in Sources */,
				EAC83F492470F0770016E24F /* SceneDelegate.swift in Sources */,
				EAC83F66247110A20016E24F /* Candy+CoreDataProperties.swift in Sources */,
				EAC83F68247110A20016E24F /* Country+CoreDataProperties.swift in Sources */,
				EAC83F67247110A20016E24F /* Country+CoreDataClass.swift in Sources */,
				EAC83F4E2470F0770016E24F /* ContentView.swift in Sources */,
				EAC83F4C2470F0770016E24F /* CoreDataProject.xcdatamodeld in Sources */,
			);
			runOnlyForDeploymentPostprocessing = 0;
		};
/* End PBXSourcesBuildPhase section */

/* Begin PBXVariantGroup section */
		EAC83F542470F0780016E24F /* LaunchScreen.storyboard */ = {
			isa = PBXVariantGroup;
			children = (
				EAC83F552470F0780016E24F /* Base */,
			);
			name = LaunchScreen.storyboard;
			sourceTree = "<group>";
		};
/* End PBXVariantGroup section */

/* Begin XCBuildConfiguration section */
		EAC83F582470F0780016E24F /* Debug */ = {
			isa = XCBuildConfiguration;
			buildSettings = {
				ALWAYS_SEARCH_USER_PATHS = NO;
				CLANG_ANALYZER_NONNULL = YES;
				CLANG_ANALYZER_NUMBER_OBJECT_CONVERSION = YES_AGGRESSIVE;
				CLANG_CXX_LANGUAGE_STANDARD = "gnu++14";
				CLANG_CXX_LIBRARY = "libc++";
				CLANG_ENABLE_MODULES = YES;
				CLANG_ENABLE_OBJC_ARC = YES;
				CLANG_ENABLE_OBJC_WEAK = YES;
				CLANG_WARN_BLOCK_CAPTURE_AUTORELEASING = YES;
				CLANG_WARN_BOOL_CONVERSION = YES;
				CLANG_WARN_COMMA = YES;
				CLANG_WARN_CONSTANT_CONVERSION = YES;
				CLANG_WARN_DEPRECATED_OBJC_IMPLEMENTATIONS = YES;
				CLANG_WARN_DIRECT_OBJC_ISA_USAGE = YES_ERROR;
				CLANG_WARN_DOCUMENTATION_COMMENTS = YES;
				CLANG_WARN_EMPTY_BODY = YES;
				CLANG_WARN_ENUM_CONVERSION = YES;
				CLANG_WARN_INFINITE_RECURSION = YES;
				CLANG_WARN_INT_CONVERSION = YES;
				CLANG_WARN_NON_LITERAL_NULL_CONVERSION = YES;
				CLANG_WARN_OBJC_IMPLICIT_RETAIN_SELF = YES;
				CLANG_WARN_OBJC_LITERAL_CONVERSION = YES;
				CLANG_WARN_OBJC_ROOT_CLASS = YES_ERROR;
				CLANG_WARN_RANGE_LOOP_ANALYSIS = YES;
				CLANG_WARN_STRICT_PROTOTYPES = YES;
				CLANG_WARN_SUSPICIOUS_MOVE = YES;
				CLANG_WARN_UNGUARDED_AVAILABILITY = YES_AGGRESSIVE;
				CLANG_WARN_UNREACHABLE_CODE = YES;
				CLANG_WARN__DUPLICATE_METHOD_MATCH = YES;
				COPY_PHASE_STRIP = NO;
				DEBUG_INFORMATION_FORMAT = dwarf;
				ENABLE_STRICT_OBJC_MSGSEND = YES;
				ENABLE_TESTABILITY = YES;
				GCC_C_LANGUAGE_STANDARD = gnu11;
				GCC_DYNAMIC_NO_PIC = NO;
				GCC_NO_COMMON_BLOCKS = YES;
				GCC_OPTIMIZATION_LEVEL = 0;
				GCC_PREPROCESSOR_DEFINITIONS = (
					"DEBUG=1",
					"$(inherited)",
				);
				GCC_WARN_64_TO_32_BIT_CONVERSION = YES;
				GCC_WARN_ABOUT_RETURN_TYPE = YES_ERROR;
				GCC_WARN_UNDECLARED_SELECTOR = YES;
				GCC_WARN_UNINITIALIZED_AUTOS = YES_AGGRESSIVE;
				GCC_WARN_UNUSED_FUNCTION = YES;
				GCC_WARN_UNUSED_VARIABLE = YES;
				IPHONEOS_DEPLOYMENT_TARGET = 13.4;
				MTL_ENABLE_DEBUG_INFO = INCLUDE_SOURCE;
				MTL_FAST_MATH = YES;
				ONLY_ACTIVE_ARCH = YES;
				SDKROOT = iphoneos;
				SWIFT_ACTIVE_COMPILATION_CONDITIONS = DEBUG;
				SWIFT_OPTIMIZATION_LEVEL = "-Onone";
			};
			name = Debug;
		};
		EAC83F592470F0780016E24F /* Release */ = {
			isa = XCBuildConfiguration;
			buildSettings = {
				ALWAYS_SEARCH_USER_PATHS = NO;
				CLANG_ANALYZER_NONNULL = YES;
				CLANG_ANALYZER_NUMBER_OBJECT_CONVERSION = YES_AGGRESSIVE;
				CLANG_CXX_LANGUAGE_STANDARD = "gnu++14";
				CLANG_CXX_LIBRARY = "libc++";
				CLANG_ENABLE_MODULES = YES;
				CLANG_ENABLE_OBJC_ARC = YES;
				CLANG_ENABLE_OBJC_WEAK = YES;
				CLANG_WARN_BLOCK_CAPTURE_AUTORELEASING = YES;
				CLANG_WARN_BOOL_CONVERSION = YES;
				CLANG_WARN_COMMA = YES;
				CLANG_WARN_CONSTANT_CONVERSION = YES;
				CLANG_WARN_DEPRECATED_OBJC_IMPLEMENTATIONS = YES;
				CLANG_WARN_DIRECT_OBJC_ISA_USAGE = YES_ERROR;
				CLANG_WARN_DOCUMENTATION_COMMENTS = YES;
				CLANG_WARN_EMPTY_BODY = YES;
				CLANG_WARN_ENUM_CONVERSION = YES;
				CLANG_WARN_INFINITE_RECURSION = YES;
				CLANG_WARN_INT_CONVERSION = YES;
				CLANG_WARN_NON_LITERAL_NULL_CONVERSION = YES;
				CLANG_WARN_OBJC_IMPLICIT_RETAIN_SELF = YES;
				CLANG_WARN_OBJC_LITERAL_CONVERSION = YES;
				CLANG_WARN_OBJC_ROOT_CLASS = YES_ERROR;
				CLANG_WARN_RANGE_LOOP_ANALYSIS = YES;
				CLANG_WARN_STRICT_PROTOTYPES = YES;
				CLANG_WARN_SUSPICIOUS_MOVE = YES;
				CLANG_WARN_UNGUARDED_AVAILABILITY = YES_AGGRESSIVE;
				CLANG_WARN_UNREACHABLE_CODE = YES;
				CLANG_WARN__DUPLICATE_METHOD_MATCH = YES;
				COPY_PHASE_STRIP = NO;
				DEBUG_INFORMATION_FORMAT = "dwarf-with-dsym";
				ENABLE_NS_ASSERTIONS = NO;
				ENABLE_STRICT_OBJC_MSGSEND = YES;
				GCC_C_LANGUAGE_STANDARD = gnu11;
				GCC_NO_COMMON_BLOCKS = YES;
				GCC_WARN_64_TO_32_BIT_CONVERSION = YES;
				GCC_WARN_ABOUT_RETURN_TYPE = YES_ERROR;
				GCC_WARN_UNDECLARED_SELECTOR = YES;
				GCC_WARN_UNINITIALIZED_AUTOS = YES_AGGRESSIVE;
				GCC_WARN_UNUSED_FUNCTION = YES;
				GCC_WARN_UNUSED_VARIABLE = YES;
				IPHONEOS_DEPLOYMENT_TARGET = 13.4;
				MTL_ENABLE_DEBUG_INFO = NO;
				MTL_FAST_MATH = YES;
				SDKROOT = iphoneos;
				SWIFT_COMPILATION_MODE = wholemodule;
				SWIFT_OPTIMIZATION_LEVEL = "-O";
				VALIDATE_PRODUCT = YES;
			};
			name = Release;
		};
		EAC83F5B2470F0780016E24F /* Debug */ = {
			isa = XCBuildConfiguration;
			buildSettings = {
				ASSETCATALOG_COMPILER_APPICON_NAME = AppIcon;
				CODE_SIGN_STYLE = Automatic;
				DEVELOPMENT_ASSET_PATHS = "\"CoreDataProject/Preview Content\"";
				DEVELOPMENT_TEAM = BE6G7FRYJZ;
				ENABLE_PREVIEWS = YES;
				INFOPLIST_FILE = CoreDataProject/Info.plist;
				LD_RUNPATH_SEARCH_PATHS = (
					"$(inherited)",
					"@executable_path/Frameworks",
				);
				PRODUCT_BUNDLE_IDENTIFIER = com.anhmv.CoreDataProject;
				PRODUCT_NAME = "$(TARGET_NAME)";
				SWIFT_VERSION = 5.0;
				TARGETED_DEVICE_FAMILY = "1,2";
			};
			name = Debug;
		};
		EAC83F5C2470F0780016E24F /* Release */ = {
			isa = XCBuildConfiguration;
			buildSettings = {
				ASSETCATALOG_COMPILER_APPICON_NAME = AppIcon;
				CODE_SIGN_STYLE = Automatic;
				DEVELOPMENT_ASSET_PATHS = "\"CoreDataProject/Preview Content\"";
				DEVELOPMENT_TEAM = BE6G7FRYJZ;
				ENABLE_PREVIEWS = YES;
				INFOPLIST_FILE = CoreDataProject/Info.plist;
				LD_RUNPATH_SEARCH_PATHS = (
					"$(inherited)",
					"@executable_path/Frameworks",
				);
				PRODUCT_BUNDLE_IDENTIFIER = com.anhmv.CoreDataProject;
				PRODUCT_NAME = "$(TARGET_NAME)";
				SWIFT_VERSION = 5.0;
				TARGETED_DEVICE_FAMILY = "1,2";
			};
			name = Release;
		};
/* End XCBuildConfiguration section */

/* Begin XCConfigurationList section */
		EAC83F3E2470F0770016E24F /* Build configuration list for PBXProject "CoreDataProject" */ = {
			isa = XCConfigurationList;
			buildConfigurations = (
				EAC83F582470F0780016E24F /* Debug */,
				EAC83F592470F0780016E24F /* Release */,
			);
			defaultConfigurationIsVisible = 0;
			defaultConfigurationName = Release;
		};
		EAC83F5A2470F0780016E24F /* Build configuration list for PBXNativeTarget "CoreDataProject" */ = {
			isa = XCConfigurationList;
			buildConfigurations = (
				EAC83F5B2470F0780016E24F /* Debug */,
				EAC83F5C2470F0780016E24F /* Release */,
			);
			defaultConfigurationIsVisible = 0;
			defaultConfigurationName = Release;
		};
/* End XCConfigurationList section */

/* Begin XCVersionGroup section */
		EAC83F4A2470F0770016E24F /* CoreDataProject.xcdatamodeld */ = {
			isa = XCVersionGroup;
			children = (
				EAC83F4B2470F0770016E24F /* CoreDataProject.xcdatamodel */,
			);
			currentVersion = EAC83F4B2470F0770016E24F /* CoreDataProject.xcdatamodel */;
			path = CoreDataProject.xcdatamodeld;
			sourceTree = "<group>";
			versionGroupType = wrapper.xcdatamodel;
		};
/* End XCVersionGroup section */
	};
	rootObject = EAC83F3B2470F0770016E24F /* Project object */;
}
