// !$*UTF8*$!
{
	archiveVersion = 1;
	classes = {
	};
	objectVersion = 50;
	objects = {

/* Begin PBXBuildFile section */
		EA64A65F246CFE5C00713E77 /* AppDelegate.swift in Sources */ = {isa = PBXBuildFile; fileRef = EA64A65E246CFE5C00713E77 /* AppDelegate.swift */; };
		EA64A661246CFE5C00713E77 /* SceneDelegate.swift in Sources */ = {isa = PBXBuildFile; fileRef = EA64A660246CFE5C00713E77 /* SceneDelegate.swift */; };
		EA64A666246CFE5C00713E77 /* ContentView.swift in Sources */ = {isa = PBXBuildFile; fileRef = EA64A665246CFE5C00713E77 /* ContentView.swift */; };
		EA64A668246CFE5E00713E77 /* Assets.xcassets in Resources */ = {isa = PBXBuildFile; fileRef = EA64A667246CFE5E00713E77 /* Assets.xcassets */; };
		EA64A66B246CFE5E00713E77 /* Preview Assets.xcassets in Resources */ = {isa = PBXBuildFile; fileRef = EA64A66A246CFE5E00713E77 /* Preview Assets.xcassets */; };
		EA64A66E246CFE5E00713E77 /* LaunchScreen.storyboard in Resources */ = {isa = PBXBuildFile; fileRef = EA64A66C246CFE5E00713E77 /* LaunchScreen.storyboard */; };
		EAED1465246FA905006872FE /* AddBookView.swift in Sources */ = {isa = PBXBuildFile; fileRef = EAED1464246FA905006872FE /* AddBookView.swift */; };
		EAED1468246FAA95006872FE /* Bookworm.xcdatamodeld in Sources */ = {isa = PBXBuildFile; fileRef = EAED1466246FAA95006872FE /* Bookworm.xcdatamodeld */; };
		EAED146C246FB1F5006872FE /* RatingView.swift in Sources */ = {isa = PBXBuildFile; fileRef = EAED146B246FB1F5006872FE /* RatingView.swift */; };
		EAED146E246FB320006872FE /* EmojiRatingView.swift in Sources */ = {isa = PBXBuildFile; fileRef = EAED146D246FB320006872FE /* EmojiRatingView.swift */; };
		EAED1470246FB490006872FE /* DetailView.swift in Sources */ = {isa = PBXBuildFile; fileRef = EAED146F246FB490006872FE /* DetailView.swift */; };
/* End PBXBuildFile section */

/* Begin PBXFileReference section */
		EA64A65B246CFE5C00713E77 /* Bookworm.app */ = {isa = PBXFileReference; explicitFileType = wrapper.application; includeInIndex = 0; path = Bookworm.app; sourceTree = BUILT_PRODUCTS_DIR; };
		EA64A65E246CFE5C00713E77 /* AppDelegate.swift */ = {isa = PBXFileReference; lastKnownFileType = sourcecode.swift; path = AppDelegate.swift; sourceTree = "<group>"; };
		EA64A660246CFE5C00713E77 /* SceneDelegate.swift */ = {isa = PBXFileReference; lastKnownFileType = sourcecode.swift; path = SceneDelegate.swift; sourceTree = "<group>"; };
		EA64A665246CFE5C00713E77 /* ContentView.swift */ = {isa = PBXFileReference; lastKnownFileType = sourcecode.swift; path = ContentView.swift; sourceTree = "<group>"; };
		EA64A667246CFE5E00713E77 /* Assets.xcassets */ = {isa = PBXFileReference; lastKnownFileType = folder.assetcatalog; path = Assets.xcassets; sourceTree = "<group>"; };
		EA64A66A246CFE5E00713E77 /* Preview Assets.xcassets */ = {isa = PBXFileReference; lastKnownFileType = folder.assetcatalog; path = "Preview Assets.xcassets"; sourceTree = "<group>"; };
		EA64A66D246CFE5E00713E77 /* Base */ = {isa = PBXFileReference; lastKnownFileType = file.storyboard; name = Base; path = Base.lproj/LaunchScreen.storyboard; sourceTree = "<group>"; };
		EA64A66F246CFE5E00713E77 /* Info.plist */ = {isa = PBXFileReference; lastKnownFileType = text.plist.xml; path = Info.plist; sourceTree = "<group>"; };
		EAED1464246FA905006872FE /* AddBookView.swift */ = {isa = PBXFileReference; lastKnownFileType = sourcecode.swift; path = AddBookView.swift; sourceTree = "<group>"; };
		EAED1467246FAA95006872FE /* Bookworm.xcdatamodel */ = {isa = PBXFileReference; lastKnownFileType = wrapper.xcdatamodel; path = Bookworm.xcdatamodel; sourceTree = "<group>"; };
		EAED146B246FB1F5006872FE /* RatingView.swift */ = {isa = PBXFileReference; lastKnownFileType = sourcecode.swift; path = RatingView.swift; sourceTree = "<group>"; };
		EAED146D246FB320006872FE /* EmojiRatingView.swift */ = {isa = PBXFileReference; lastKnownFileType = sourcecode.swift; path = EmojiRatingView.swift; sourceTree = "<group>"; };
		EAED146F246FB490006872FE /* DetailView.swift */ = {isa = PBXFileReference; lastKnownFileType = sourcecode.swift; path = DetailView.swift; sourceTree = "<group>"; };
/* End PBXFileReference section */

/* Begin PBXFrameworksBuildPhase section */
		EA64A658246CFE5C00713E77 /* Frameworks */ = {
			isa = PBXFrameworksBuildPhase;
			buildActionMask = 2147483647;
			files = (
			);
			runOnlyForDeploymentPostprocessing = 0;
		};
/* End PBXFrameworksBuildPhase section */

/* Begin PBXGroup section */
		EA64A652246CFE5C00713E77 = {
			isa = PBXGroup;
			children = (
				EA64A65D246CFE5C00713E77 /* Bookworm */,
				EA64A65C246CFE5C00713E77 /* Products */,
			);
			sourceTree = "<group>";
		};
		EA64A65C246CFE5C00713E77 /* Products */ = {
			isa = PBXGroup;
			children = (
				EA64A65B246CFE5C00713E77 /* Bookworm.app */,
			);
			name = Products;
			sourceTree = "<group>";
		};
		EA64A65D246CFE5C00713E77 /* Bookworm */ = {
			isa = PBXGroup;
			children = (
				EAED146B246FB1F5006872FE /* RatingView.swift */,
				EAED146D246FB320006872FE /* EmojiRatingView.swift */,
				EAED146F246FB490006872FE /* DetailView.swift */,
				EAED1464246FA905006872FE /* AddBookView.swift */,
				EA64A65E246CFE5C00713E77 /* AppDelegate.swift */,
				EA64A660246CFE5C00713E77 /* SceneDelegate.swift */,
				EA64A665246CFE5C00713E77 /* ContentView.swift */,
				EA64A667246CFE5E00713E77 /* Assets.xcassets */,
				EA64A66C246CFE5E00713E77 /* LaunchScreen.storyboard */,
				EA64A66F246CFE5E00713E77 /* Info.plist */,
				EAED1466246FAA95006872FE /* Bookworm.xcdatamodeld */,
				EA64A669246CFE5E00713E77 /* Preview Content */,
			);
			path = Bookworm;
			sourceTree = "<group>";
		};
		EA64A669246CFE5E00713E77 /* Preview Content */ = {
			isa = PBXGroup;
			children = (
				EA64A66A246CFE5E00713E77 /* Preview Assets.xcassets */,
			);
			path = "Preview Content";
			sourceTree = "<group>";
		};
/* End PBXGroup section */

/* Begin PBXNativeTarget section */
		EA64A65A246CFE5C00713E77 /* Bookworm */ = {
			isa = PBXNativeTarget;
			buildConfigurationList = EA64A672246CFE5E00713E77 /* Build configuration list for PBXNativeTarget "Bookworm" */;
			buildPhases = (
				EA64A657246CFE5C00713E77 /* Sources */,
				EA64A658246CFE5C00713E77 /* Frameworks */,
				EA64A659246CFE5C00713E77 /* Resources */,
			);
			buildRules = (
			);
			dependencies = (
			);
			name = Bookworm;
			productName = Bookworm;
			productReference = EA64A65B246CFE5C00713E77 /* Bookworm.app */;
			productType = "com.apple.product-type.application";
		};
/* End PBXNativeTarget section */

/* Begin PBXProject section */
		EA64A653246CFE5C00713E77 /* Project object */ = {
			isa = PBXProject;
			attributes = {
				LastSwiftUpdateCheck = 1140;
				LastUpgradeCheck = 1140;
				ORGANIZATIONNAME = "Mac Van Anh";
				TargetAttributes = {
					EA64A65A246CFE5C00713E77 = {
						CreatedOnToolsVersion = 11.4.1;
					};
				};
			};
			buildConfigurationList = EA64A656246CFE5C00713E77 /* Build configuration list for PBXProject "Bookworm" */;
			compatibilityVersion = "Xcode 9.3";
			developmentRegion = en;
			hasScannedForEncodings = 0;
			knownRegions = (
				en,
				Base,
			);
			mainGroup = EA64A652246CFE5C00713E77;
			productRefGroup = EA64A65C246CFE5C00713E77 /* Products */;
			projectDirPath = "";
			projectRoot = "";
			targets = (
				EA64A65A246CFE5C00713E77 /* Bookworm */,
			);
		};
/* End PBXProject section */

/* Begin PBXResourcesBuildPhase section */
		EA64A659246CFE5C00713E77 /* Resources */ = {
			isa = PBXResourcesBuildPhase;
			buildActionMask = 2147483647;
			files = (
				EA64A66E246CFE5E00713E77 /* LaunchScreen.storyboard in Resources */,
				EA64A66B246CFE5E00713E77 /* Preview Assets.xcassets in Resources */,
				EA64A668246CFE5E00713E77 /* Assets.xcassets in Resources */,
			);
			runOnlyForDeploymentPostprocessing = 0;
		};
/* End PBXResourcesBuildPhase section */

/* Begin PBXSourcesBuildPhase section */
		EA64A657246CFE5C00713E77 /* Sources */ = {
			isa = PBXSourcesBuildPhase;
			buildActionMask = 2147483647;
			files = (
				EA64A65F246CFE5C00713E77 /* AppDelegate.swift in Sources */,
				EAED1470246FB490006872FE /* DetailView.swift in Sources */,
				EA64A666246CFE5C00713E77 /* ContentView.swift in Sources */,
				EAED146E246FB320006872FE /* EmojiRatingView.swift in Sources */,
				EA64A661246CFE5C00713E77 /* SceneDelegate.swift in Sources */,
				EAED146C246FB1F5006872FE /* RatingView.swift in Sources */,
				EAED1465246FA905006872FE /* AddBookView.swift in Sources */,
				EAED1468246FAA95006872FE /* Bookworm.xcdatamodeld in Sources */,
			);
			runOnlyForDeploymentPostprocessing = 0;
		};
/* End PBXSourcesBuildPhase section */

/* Begin PBXVariantGroup section */
		EA64A66C246CFE5E00713E77 /* LaunchScreen.storyboard */ = {
			isa = PBXVariantGroup;
			children = (
				EA64A66D246CFE5E00713E77 /* Base */,
			);
			name = LaunchScreen.storyboard;
			sourceTree = "<group>";
		};
/* End PBXVariantGroup section */

/* Begin XCBuildConfiguration section */
		EA64A670246CFE5E00713E77 /* Debug */ = {
			isa = XCBuildConfiguration;
			buildSettings = {
				ALWAYS_SEARCH_USER_PATHS = NO;
				CLANG_ANALYZER_NONNULL = YES;
				CLANG_ANALYZER_NUMBER_OBJECT_CONVERSION = YES_AGGRESSIVE;
				CLANG_CXX_LANGUAGE_STANDARD = "gnu++14";
				CLANG_CXX_LIBRARY = "libc++";
				CLANG_ENABLE_MODULES = YES;
				CLANG_ENABLE_OBJC_ARC = YES;
				CLANG_ENABLE_OBJC_WEAK = YES;
				CLANG_WARN_BLOCK_CAPTURE_AUTORELEASING = YES;
				CLANG_WARN_BOOL_CONVERSION = YES;
				CLANG_WARN_COMMA = YES;
				CLANG_WARN_CONSTANT_CONVERSION = YES;
				CLANG_WARN_DEPRECATED_OBJC_IMPLEMENTATIONS = YES;
				CLANG_WARN_DIRECT_OBJC_ISA_USAGE = YES_ERROR;
				CLANG_WARN_DOCUMENTATION_COMMENTS = YES;
				CLANG_WARN_EMPTY_BODY = YES;
				CLANG_WARN_ENUM_CONVERSION = YES;
				CLANG_WARN_INFINITE_RECURSION = YES;
				CLANG_WARN_INT_CONVERSION = YES;
				CLANG_WARN_NON_LITERAL_NULL_CONVERSION = YES;
				CLANG_WARN_OBJC_IMPLICIT_RETAIN_SELF = YES;
				CLANG_WARN_OBJC_LITERAL_CONVERSION = YES;
				CLANG_WARN_OBJC_ROOT_CLASS = YES_ERROR;
				CLANG_WARN_RANGE_LOOP_ANALYSIS = YES;
				CLANG_WARN_STRICT_PROTOTYPES = YES;
				CLANG_WARN_SUSPICIOUS_MOVE = YES;
				CLANG_WARN_UNGUARDED_AVAILABILITY = YES_AGGRESSIVE;
				CLANG_WARN_UNREACHABLE_CODE = YES;
				CLANG_WARN__DUPLICATE_METHOD_MATCH = YES;
				COPY_PHASE_STRIP = NO;
				DEBUG_INFORMATION_FORMAT = dwarf;
				ENABLE_STRICT_OBJC_MSGSEND = YES;
				ENABLE_TESTABILITY = YES;
				GCC_C_LANGUAGE_STANDARD = gnu11;
				GCC_DYNAMIC_NO_PIC = NO;
				GCC_NO_COMMON_BLOCKS = YES;
				GCC_OPTIMIZATION_LEVEL = 0;
				GCC_PREPROCESSOR_DEFINITIONS = (
					"DEBUG=1",
					"$(inherited)",
				);
				GCC_WARN_64_TO_32_BIT_CONVERSION = YES;
				GCC_WARN_ABOUT_RETURN_TYPE = YES_ERROR;
				GCC_WARN_UNDECLARED_SELECTOR = YES;
				GCC_WARN_UNINITIALIZED_AUTOS = YES_AGGRESSIVE;
				GCC_WARN_UNUSED_FUNCTION = YES;
				GCC_WARN_UNUSED_VARIABLE = YES;
				IPHONEOS_DEPLOYMENT_TARGET = 13.4;
				MTL_ENABLE_DEBUG_INFO = INCLUDE_SOURCE;
				MTL_FAST_MATH = YES;
				ONLY_ACTIVE_ARCH = YES;
				SDKROOT = iphoneos;
				SWIFT_ACTIVE_COMPILATION_CONDITIONS = DEBUG;
				SWIFT_OPTIMIZATION_LEVEL = "-Onone";
			};
			name = Debug;
		};
		EA64A671246CFE5E00713E77 /* Release */ = {
			isa = XCBuildConfiguration;
			buildSettings = {
				ALWAYS_SEARCH_USER_PATHS = NO;
				CLANG_ANALYZER_NONNULL = YES;
				CLANG_ANALYZER_NUMBER_OBJECT_CONVERSION = YES_AGGRESSIVE;
				CLANG_CXX_LANGUAGE_STANDARD = "gnu++14";
				CLANG_CXX_LIBRARY = "libc++";
				CLANG_ENABLE_MODULES = YES;
				CLANG_ENABLE_OBJC_ARC = YES;
				CLANG_ENABLE_OBJC_WEAK = YES;
				CLANG_WARN_BLOCK_CAPTURE_AUTORELEASING = YES;
				CLANG_WARN_BOOL_CONVERSION = YES;
				CLANG_WARN_COMMA = YES;
				CLANG_WARN_CONSTANT_CONVERSION = YES;
				CLANG_WARN_DEPRECATED_OBJC_IMPLEMENTATIONS = YES;
				CLANG_WARN_DIRECT_OBJC_ISA_USAGE = YES_ERROR;
				CLANG_WARN_DOCUMENTATION_COMMENTS = YES;
				CLANG_WARN_EMPTY_BODY = YES;
				CLANG_WARN_ENUM_CONVERSION = YES;
				CLANG_WARN_INFINITE_RECURSION = YES;
				CLANG_WARN_INT_CONVERSION = YES;
				CLANG_WARN_NON_LITERAL_NULL_CONVERSION = YES;
				CLANG_WARN_OBJC_IMPLICIT_RETAIN_SELF = YES;
				CLANG_WARN_OBJC_LITERAL_CONVERSION = YES;
				CLANG_WARN_OBJC_ROOT_CLASS = YES_ERROR;
				CLANG_WARN_RANGE_LOOP_ANALYSIS = YES;
				CLANG_WARN_STRICT_PROTOTYPES = YES;
				CLANG_WARN_SUSPICIOUS_MOVE = YES;
				CLANG_WARN_UNGUARDED_AVAILABILITY = YES_AGGRESSIVE;
				CLANG_WARN_UNREACHABLE_CODE = YES;
				CLANG_WARN__DUPLICATE_METHOD_MATCH = YES;
				COPY_PHASE_STRIP = NO;
				DEBUG_INFORMATION_FORMAT = "dwarf-with-dsym";
				ENABLE_NS_ASSERTIONS = NO;
				ENABLE_STRICT_OBJC_MSGSEND = YES;
				GCC_C_LANGUAGE_STANDARD = gnu11;
				GCC_NO_COMMON_BLOCKS = YES;
				GCC_WARN_64_TO_32_BIT_CONVERSION = YES;
				GCC_WARN_ABOUT_RETURN_TYPE = YES_ERROR;
				GCC_WARN_UNDECLARED_SELECTOR = YES;
				GCC_WARN_UNINITIALIZED_AUTOS = YES_AGGRESSIVE;
				GCC_WARN_UNUSED_FUNCTION = YES;
				GCC_WARN_UNUSED_VARIABLE = YES;
				IPHONEOS_DEPLOYMENT_TARGET = 13.4;
				MTL_ENABLE_DEBUG_INFO = NO;
				MTL_FAST_MATH = YES;
				SDKROOT = iphoneos;
				SWIFT_COMPILATION_MODE = wholemodule;
				SWIFT_OPTIMIZATION_LEVEL = "-O";
				VALIDATE_PRODUCT = YES;
			};
			name = Release;
		};
		EA64A673246CFE5E00713E77 /* Debug */ = {
			isa = XCBuildConfiguration;
			buildSettings = {
				ASSETCATALOG_COMPILER_APPICON_NAME = AppIcon;
				CODE_SIGN_STYLE = Automatic;
				DEVELOPMENT_ASSET_PATHS = "\"Bookworm/Preview Content\"";
				DEVELOPMENT_TEAM = BE6G7FRYJZ;
				ENABLE_PREVIEWS = YES;
				INFOPLIST_FILE = Bookworm/Info.plist;
				LD_RUNPATH_SEARCH_PATHS = (
					"$(inherited)",
					"@executable_path/Frameworks",
				);
				PRODUCT_BUNDLE_IDENTIFIER = com.anhmv.Bookworm;
				PRODUCT_NAME = "$(TARGET_NAME)";
				SWIFT_VERSION = 5.0;
				TARGETED_DEVICE_FAMILY = "1,2";
			};
			name = Debug;
		};
		EA64A674246CFE5E00713E77 /* Release */ = {
			isa = XCBuildConfiguration;
			buildSettings = {
				ASSETCATALOG_COMPILER_APPICON_NAME = AppIcon;
				CODE_SIGN_STYLE = Automatic;
				DEVELOPMENT_ASSET_PATHS = "\"Bookworm/Preview Content\"";
				DEVELOPMENT_TEAM = BE6G7FRYJZ;
				ENABLE_PREVIEWS = YES;
				INFOPLIST_FILE = Bookworm/Info.plist;
				LD_RUNPATH_SEARCH_PATHS = (
					"$(inherited)",
					"@executable_path/Frameworks",
				);
				PRODUCT_BUNDLE_IDENTIFIER = com.anhmv.Bookworm;
				PRODUCT_NAME = "$(TARGET_NAME)";
				SWIFT_VERSION = 5.0;
				TARGETED_DEVICE_FAMILY = "1,2";
			};
			name = Release;
		};
/* End XCBuildConfiguration section */

/* Begin XCConfigurationList section */
		EA64A656246CFE5C00713E77 /* Build configuration list for PBXProject "Bookworm" */ = {
			isa = XCConfigurationList;
			buildConfigurations = (
				EA64A670246CFE5E00713E77 /* Debug */,
				EA64A671246CFE5E00713E77 /* Release */,
			);
			defaultConfigurationIsVisible = 0;
			defaultConfigurationName = Release;
		};
		EA64A672246CFE5E00713E77 /* Build configuration list for PBXNativeTarget "Bookworm" */ = {
			isa = XCConfigurationList;
			buildConfigurations = (
				EA64A673246CFE5E00713E77 /* Debug */,
				EA64A674246CFE5E00713E77 /* Release */,
			);
			defaultConfigurationIsVisible = 0;
			defaultConfigurationName = Release;
		};
/* End XCConfigurationList section */

/* Begin XCVersionGroup section */
		EAED1466246FAA95006872FE /* Bookworm.xcdatamodeld */ = {
			isa = XCVersionGroup;
			children = (
				EAED1467246FAA95006872FE /* Bookworm.xcdatamodel */,
			);
			currentVersion = EAED1467246FAA95006872FE /* Bookworm.xcdatamodel */;
			path = Bookworm.xcdatamodeld;
			sourceTree = "<group>";
			versionGroupType = wrapper.xcdatamodel;
		};
/* End XCVersionGroup section */
	};
	rootObject = EA64A653246CFE5C00713E77 /* Project object */;
}
